
Microsoft Visual Studio Solution File, Format Version 12.00
# Visual Studio Version 17
VisualStudioVersion = 17.6.33815.320
MinimumVisualStudioVersion = 10.0.40219.1
Project("{FAE04EC0-301F-11D3-BF4B-00C04F79EFBC}") = "VercelBlazorWebAssembly", "VercelBlazorWebAssembly\VercelBlazorWebAssembly.csproj", "{6448557C-8379-4D11-87DD-A6CC2EA58662}"
EndProject
Global
	GlobalSection(SolutionConfigurationPlatforms) = preSolution
		Debug|Any CPU = Debug|Any CPU
		Release|Any CPU = Release|Any CPU
	EndGlobalSection
	GlobalSection(ProjectConfigurationPlatforms) = postSolution
		{6448557C-8379-4D11-87DD-A6CC2EA58662}.Debug|Any CPU.ActiveCfg = Debug|Any CPU
		{6448557C-8379-4D11-87DD-A6CC2EA58662}.Debug|Any CPU.Build.0 = Debug|Any CPU
		{6448557C-8379-4D11-87DD-A6CC2EA58662}.Release|Any CPU.ActiveCfg = Release|Any CPU
		{6448557C-8379-4D11-87DD-A6CC2EA58662}.Release|Any CPU.Build.0 = Release|Any CPU
	EndGlobalSection
	GlobalSection(SolutionProperties) = preSolution
		HideSolutionNode = FALSE
	EndGlobalSection
	GlobalSection(ExtensibilityGlobals) = postSolution
		SolutionGuid = {4295553D-040F-4F9E-9377-B791C87DF925}
	EndGlobalSection
EndGlobal
